{
  "version": 4,
  "terraform_version": "1.3.0",
  "serial": 102,
  "lineage": "9d29afd9-fd8c-cb39-d57d-a1c4b729049c",
  "outputs": {
    "image_id": {
      "value": "/subscriptions/de14da4d-9ece-4b39-999b-eb57d857a39b/resourceGroups/duongnq9-project1-devops-rg/providers/Microsoft.Compute/images/myPackerImage",
      "type": "string"
    }
  },
  "resources": [
    {
      "mode": "data",
      "type": "azurerm_image",
      "name": "main",
      "provider": "provider[\"registry.terraform.io/hashicorp/azurerm\"]",
      "instances": [
        {
          "schema_version": 0,
          "attributes": {
            "data_disk": [],
            "id": "/subscriptions/de14da4d-9ece-4b39-999b-eb57d857a39b/resourceGroups/duongnq9-project1-devops-rg/providers/Microsoft.Compute/images/myPackerImage",
            "location": "centralus",
            "name": "myPackerImage",
            "name_regex": null,
            "os_disk": [
              {
                "blob_uri": "",
                "caching": "ReadWrite",
                "managed_disk_id": "/subscriptions/de14da4d-9ece-4b39-999b-eb57d857a39b/resourceGroups/duongnq9-project1-devops-rg/providers/Microsoft.Compute/disks/pkros9ntg9674cz",
                "os_state": "Generalized",
                "os_type": "Linux",
                "size_gb": 30
              }
            ],
            "resource_group_name": "duongnq9-project1-devops-rg",
            "sort_descending": false,
            "tags": {
              "requiretag": "Require tag"
            },
            "timeouts": null,
            "zone_resilient": false
          },
          "sensitive_attributes": []
        }
      ]
    },
    {
      "mode": "managed",
      "type": "azurerm_availability_set",
      "name": "main",
      "provider": "provider[\"registry.terraform.io/hashicorp/azurerm\"]",
      "instances": [
        {
          "schema_version": 0,
          "attributes": {
            "id": "/subscriptions/de14da4d-9ece-4b39-999b-eb57d857a39b/resourceGroups/duongnq9-project1-devops-rg/providers/Microsoft.Compute/availabilitySets/duongnq9-project1-devops-aset",
            "location": "centralus",
            "managed": true,
            "name": "duongnq9-project1-devops-aset",
            "platform_fault_domain_count": 3,
            "platform_update_domain_count": 5,
            "proximity_placement_group_id": null,
            "resource_group_name": "duongnq9-project1-devops-rg",
            "tags": {
              "requiretag": "Require tag"
            },
            "timeouts": null
          },
          "sensitive_attributes": [],
          "private": "eyJlMmJmYjczMC1lY2FhLTExZTYtOGY4OC0zNDM2M2JjN2M0YzAiOnsiY3JlYXRlIjoxODAwMDAwMDAwMDAwLCJkZWxldGUiOjE4MDAwMDAwMDAwMDAsInJlYWQiOjMwMDAwMDAwMDAwMCwidXBkYXRlIjoxODAwMDAwMDAwMDAwfX0="
        }
      ]
    },
    {
      "mode": "managed",
      "type": "azurerm_lb",
      "name": "main",
      "provider": "provider[\"registry.terraform.io/hashicorp/azurerm\"]",
      "instances": [
        {
          "schema_version": 0,
          "attributes": {
            "edge_zone": "",
            "frontend_ip_configuration": [
              {
                "gateway_load_balancer_frontend_ip_configuration_id": "",
                "id": "/subscriptions/de14da4d-9ece-4b39-999b-eb57d857a39b/resourceGroups/duongnq9-project1-devops-rg/providers/Microsoft.Network/loadBalancers/duongnq9-project1-devops-lb/frontendIPConfigurations/duongnq9-project1-devops-PublicIPAddress",
                "inbound_nat_rules": [],
                "load_balancer_rules": [],
                "name": "duongnq9-project1-devops-PublicIPAddress",
                "outbound_rules": [],
                "private_ip_address": "",
                "private_ip_address_allocation": "Dynamic",
                "private_ip_address_version": "",
                "public_ip_address_id": "/subscriptions/de14da4d-9ece-4b39-999b-eb57d857a39b/resourceGroups/duongnq9-project1-devops-rg/providers/Microsoft.Network/publicIPAddresses/duongnq9-project1-devops-public-ip",
                "public_ip_prefix_id": "",
                "subnet_id": "",
                "zones": null
              }
            ],
            "id": "/subscriptions/de14da4d-9ece-4b39-999b-eb57d857a39b/resourceGroups/duongnq9-project1-devops-rg/providers/Microsoft.Network/loadBalancers/duongnq9-project1-devops-lb",
            "location": "centralus",
            "name": "duongnq9-project1-devops-lb",
            "private_ip_address": "",
            "private_ip_addresses": [],
            "resource_group_name": "duongnq9-project1-devops-rg",
            "sku": "Basic",
            "sku_tier": "Regional",
            "tags": {
              "requiretag": "Require tag"
            },
            "timeouts": null
          },
          "sensitive_attributes": [],
          "private": "eyJlMmJmYjczMC1lY2FhLTExZTYtOGY4OC0zNDM2M2JjN2M0YzAiOnsiY3JlYXRlIjoxODAwMDAwMDAwMDAwLCJkZWxldGUiOjE4MDAwMDAwMDAwMDAsInJlYWQiOjMwMDAwMDAwMDAwMCwidXBkYXRlIjoxODAwMDAwMDAwMDAwfX0=",
          "dependencies": [
            "azurerm_public_ip.main"
          ]
        }
      ]
    },
    {
      "mode": "managed",
      "type": "azurerm_lb_backend_address_pool",
      "name": "main",
      "provider": "provider[\"registry.terraform.io/hashicorp/azurerm\"]",
      "instances": [
        {
          "schema_version": 0,
          "attributes": {
            "backend_ip_configurations": [],
            "id": "/subscriptions/de14da4d-9ece-4b39-999b-eb57d857a39b/resourceGroups/duongnq9-project1-devops-rg/providers/Microsoft.Network/loadBalancers/duongnq9-project1-devops-lb/backendAddressPools/duongnq9-project1-devops-acctestpool",
            "inbound_nat_rules": [],
            "load_balancing_rules": [],
            "loadbalancer_id": "/subscriptions/de14da4d-9ece-4b39-999b-eb57d857a39b/resourceGroups/duongnq9-project1-devops-rg/providers/Microsoft.Network/loadBalancers/duongnq9-project1-devops-lb",
            "name": "duongnq9-project1-devops-acctestpool",
            "outbound_rules": [],
            "timeouts": null,
            "tunnel_interface": []
          },
          "sensitive_attributes": [],
          "private": "eyJlMmJmYjczMC1lY2FhLTExZTYtOGY4OC0zNDM2M2JjN2M0YzAiOnsiY3JlYXRlIjoxODAwMDAwMDAwMDAwLCJkZWxldGUiOjE4MDAwMDAwMDAwMDAsInJlYWQiOjMwMDAwMDAwMDAwMCwidXBkYXRlIjoxODAwMDAwMDAwMDAwfX0=",
          "dependencies": [
            "azurerm_lb.main",
            "azurerm_public_ip.main"
          ]
        }
      ]
    },
    {
      "mode": "managed",
      "type": "azurerm_network_interface",
      "name": "main",
      "provider": "provider[\"registry.terraform.io/hashicorp/azurerm\"]",
      "instances": [
        {
          "schema_version": 0,
          "attributes": {
            "applied_dns_servers": [],
            "dns_servers": [],
            "edge_zone": "",
            "enable_accelerated_networking": false,
            "enable_ip_forwarding": false,
            "id": "/subscriptions/de14da4d-9ece-4b39-999b-eb57d857a39b/resourceGroups/duongnq9-project1-devops-rg/providers/Microsoft.Network/networkInterfaces/duongnq9-project1-devops-nic",
            "internal_dns_name_label": "",
            "internal_domain_name_suffix": "yd42oakshaquhfrkxjderdfjmb.gx.internal.cloudapp.net",
            "ip_configuration": [
              {
                "gateway_load_balancer_frontend_ip_configuration_id": "",
                "name": "internal",
                "primary": true,
                "private_ip_address": "10.0.2.4",
                "private_ip_address_allocation": "Dynamic",
                "private_ip_address_version": "IPv4",
                "public_ip_address_id": "",
                "subnet_id": "/subscriptions/de14da4d-9ece-4b39-999b-eb57d857a39b/resourceGroups/duongnq9-project1-devops-rg/providers/Microsoft.Network/virtualNetworks/duongnq9-project1-devops-network/subnets/internal"
              }
            ],
            "location": "centralus",
            "mac_address": "",
            "name": "duongnq9-project1-devops-nic",
            "private_ip_address": "10.0.2.4",
            "private_ip_addresses": [
              "10.0.2.4"
            ],
            "resource_group_name": "duongnq9-project1-devops-rg",
            "tags": {
              "requiretag": "Require tag"
            },
            "timeouts": null,
            "virtual_machine_id": ""
          },
          "sensitive_attributes": [],
          "private": "eyJlMmJmYjczMC1lY2FhLTExZTYtOGY4OC0zNDM2M2JjN2M0YzAiOnsiY3JlYXRlIjoxODAwMDAwMDAwMDAwLCJkZWxldGUiOjE4MDAwMDAwMDAwMDAsInJlYWQiOjMwMDAwMDAwMDAwMCwidXBkYXRlIjoxODAwMDAwMDAwMDAwfX0=",
          "dependencies": [
            "azurerm_subnet.internal",
            "azurerm_virtual_network.main"
          ]
        }
      ]
    },
    {
      "mode": "managed",
      "type": "azurerm_network_interface_backend_address_pool_association",
      "name": "main",
      "provider": "provider[\"registry.terraform.io/hashicorp/azurerm\"]",
      "instances": [
        {
          "schema_version": 0,
          "attributes": {
            "backend_address_pool_id": "/subscriptions/de14da4d-9ece-4b39-999b-eb57d857a39b/resourceGroups/duongnq9-project1-devops-rg/providers/Microsoft.Network/loadBalancers/duongnq9-project1-devops-lb/backendAddressPools/duongnq9-project1-devops-acctestpool",
            "id": "/subscriptions/de14da4d-9ece-4b39-999b-eb57d857a39b/resourceGroups/duongnq9-project1-devops-rg/providers/Microsoft.Network/networkInterfaces/duongnq9-project1-devops-nic/ipConfigurations/internal|/subscriptions/de14da4d-9ece-4b39-999b-eb57d857a39b/resourceGroups/duongnq9-project1-devops-rg/providers/Microsoft.Network/loadBalancers/duongnq9-project1-devops-lb/backendAddressPools/duongnq9-project1-devops-acctestpool",
            "ip_configuration_name": "internal",
            "network_interface_id": "/subscriptions/de14da4d-9ece-4b39-999b-eb57d857a39b/resourceGroups/duongnq9-project1-devops-rg/providers/Microsoft.Network/networkInterfaces/duongnq9-project1-devops-nic",
            "timeouts": null
          },
          "sensitive_attributes": [],
          "private": "eyJlMmJmYjczMC1lY2FhLTExZTYtOGY4OC0zNDM2M2JjN2M0YzAiOnsiY3JlYXRlIjoxODAwMDAwMDAwMDAwLCJkZWxldGUiOjE4MDAwMDAwMDAwMDAsInJlYWQiOjMwMDAwMDAwMDAwMCwidXBkYXRlIjoxODAwMDAwMDAwMDAwfX0=",
          "dependencies": [
            "azurerm_lb.main",
            "azurerm_lb_backend_address_pool.main",
            "azurerm_network_interface.main",
            "azurerm_public_ip.main",
            "azurerm_subnet.internal",
            "azurerm_virtual_network.main"
          ]
        }
      ]
    },
    {
      "mode": "managed",
      "type": "azurerm_network_security_group",
      "name": "main",
      "provider": "provider[\"registry.terraform.io/hashicorp/azurerm\"]",
      "instances": [
        {
          "schema_version": 0,
          "attributes": {
            "id": "/subscriptions/de14da4d-9ece-4b39-999b-eb57d857a39b/resourceGroups/duongnq9-project1-devops-rg/providers/Microsoft.Network/networkSecurityGroups/duongnq9-project1-devops-nsg",
            "location": "centralus",
            "name": "duongnq9-project1-devops-nsg",
            "resource_group_name": "duongnq9-project1-devops-rg",
            "security_rule": [
              {
                "access": "Deny",
                "description": "",
                "destination_address_prefix": "*",
                "destination_address_prefixes": [],
                "destination_application_security_group_ids": [],
                "destination_port_range": "*",
                "destination_port_ranges": [],
                "direction": "Inbound",
                "name": "security_rule",
                "priority": 100,
                "protocol": "Tcp",
                "source_address_prefix": "*",
                "source_address_prefixes": [],
                "source_application_security_group_ids": [],
                "source_port_range": "*",
                "source_port_ranges": []
              }
            ],
            "tags": {
              "requiretag": "Require tag"
            },
            "timeouts": null
          },
          "sensitive_attributes": [],
          "private": "eyJlMmJmYjczMC1lY2FhLTExZTYtOGY4OC0zNDM2M2JjN2M0YzAiOnsiY3JlYXRlIjoxODAwMDAwMDAwMDAwLCJkZWxldGUiOjE4MDAwMDAwMDAwMDAsInJlYWQiOjMwMDAwMDAwMDAwMCwidXBkYXRlIjoxODAwMDAwMDAwMDAwfX0="
        }
      ]
    },
    {
      "mode": "managed",
      "type": "azurerm_public_ip",
      "name": "main",
      "provider": "provider[\"registry.terraform.io/hashicorp/azurerm\"]",
      "instances": [
        {
          "schema_version": 0,
          "attributes": {
            "allocation_method": "Static",
            "domain_name_label": null,
            "edge_zone": "",
            "fqdn": null,
            "id": "/subscriptions/de14da4d-9ece-4b39-999b-eb57d857a39b/resourceGroups/duongnq9-project1-devops-rg/providers/Microsoft.Network/publicIPAddresses/duongnq9-project1-devops-public-ip",
            "idle_timeout_in_minutes": 4,
            "ip_address": "40.77.26.158",
            "ip_tags": null,
            "ip_version": "IPv4",
            "location": "centralus",
            "name": "duongnq9-project1-devops-public-ip",
            "public_ip_prefix_id": null,
            "resource_group_name": "duongnq9-project1-devops-rg",
            "reverse_fqdn": null,
            "sku": "Basic",
            "sku_tier": "Regional",
            "tags": {
              "requiretag": "Require tag"
            },
            "timeouts": null,
            "zones": null
          },
          "sensitive_attributes": [],
          "private": "eyJlMmJmYjczMC1lY2FhLTExZTYtOGY4OC0zNDM2M2JjN2M0YzAiOnsiY3JlYXRlIjoxODAwMDAwMDAwMDAwLCJkZWxldGUiOjE4MDAwMDAwMDAwMDAsInJlYWQiOjMwMDAwMDAwMDAwMCwidXBkYXRlIjoxODAwMDAwMDAwMDAwfX0="
        }
      ]
    },
    {
      "mode": "managed",
      "type": "azurerm_subnet",
      "name": "internal",
      "provider": "provider[\"registry.terraform.io/hashicorp/azurerm\"]",
      "instances": [
        {
          "schema_version": 0,
          "attributes": {
            "address_prefixes": [
              "10.0.2.0/24"
            ],
            "delegation": [],
            "enforce_private_link_endpoint_network_policies": false,
            "enforce_private_link_service_network_policies": false,
            "id": "/subscriptions/de14da4d-9ece-4b39-999b-eb57d857a39b/resourceGroups/duongnq9-project1-devops-rg/providers/Microsoft.Network/virtualNetworks/duongnq9-project1-devops-network/subnets/internal",
            "name": "internal",
            "private_endpoint_network_policies_enabled": true,
            "private_link_service_network_policies_enabled": true,
            "resource_group_name": "duongnq9-project1-devops-rg",
            "service_endpoint_policy_ids": null,
            "service_endpoints": null,
            "timeouts": null,
            "virtual_network_name": "duongnq9-project1-devops-network"
          },
          "sensitive_attributes": [],
          "private": "eyJlMmJmYjczMC1lY2FhLTExZTYtOGY4OC0zNDM2M2JjN2M0YzAiOnsiY3JlYXRlIjoxODAwMDAwMDAwMDAwLCJkZWxldGUiOjE4MDAwMDAwMDAwMDAsInJlYWQiOjMwMDAwMDAwMDAwMCwidXBkYXRlIjoxODAwMDAwMDAwMDAwfX0=",
          "dependencies": [
            "azurerm_virtual_network.main"
          ]
        }
      ]
    },
    {
      "mode": "managed",
      "type": "azurerm_virtual_machine",
      "name": "main",
      "provider": "provider[\"registry.terraform.io/hashicorp/azurerm\"]",
      "instances": [
        {
          "index_key": 2,
          "schema_version": 0,
          "attributes": {
            "additional_capabilities": [],
            "availability_set_id": null,
            "boot_diagnostics": [],
            "delete_data_disks_on_termination": false,
            "delete_os_disk_on_termination": false,
            "id": "/subscriptions/de14da4d-9ece-4b39-999b-eb57d857a39b/resourceGroups/duongnq9-project1-devops-rg/providers/Microsoft.Compute/virtualMachines/duongnq9-project1-devops-vm2",
            "identity": [],
            "license_type": null,
            "location": "centralus",
            "name": "duongnq9-project1-devops-vm2",
            "network_interface_ids": [
              "/subscriptions/de14da4d-9ece-4b39-999b-eb57d857a39b/resourceGroups/duongnq9-project1-devops-rg/providers/Microsoft.Network/networkInterfaces/duongnq9-project1-devops-nic"
            ],
            "os_profile": [
              {
                "admin_password": "",
                "admin_username": "duongnq9",
                "computer_name": "hostname2",
                "custom_data": ""
              }
            ],
            "os_profile_linux_config": [
              {
                "disable_password_authentication": false,
                "ssh_keys": []
              }
            ],
            "os_profile_secrets": [],
            "os_profile_windows_config": [],
            "plan": [],
            "primary_network_interface_id": null,
            "proximity_placement_group_id": null,
            "resource_group_name": "duongnq9-project1-devops-rg",
            "storage_data_disk": [],
            "storage_image_reference": [
              {
                "id": "/subscriptions/de14da4d-9ece-4b39-999b-eb57d857a39b/resourceGroups/duongnq9-project1-devops-rg/providers/Microsoft.Compute/images/myPackerImage",
                "offer": "",
                "publisher": "",
                "sku": "",
                "version": ""
              }
            ],
            "storage_os_disk": [
              {
                "caching": "ReadWrite",
                "create_option": "FromImage",
                "disk_size_gb": 30,
                "image_uri": "",
                "managed_disk_id": "/subscriptions/de14da4d-9ece-4b39-999b-eb57d857a39b/resourceGroups/duongnq9-project1-devops-rg/providers/Microsoft.Compute/disks/myosdisk",
                "managed_disk_type": "Standard_LRS",
                "name": "myosdisk",
                "os_type": "Linux",
                "vhd_uri": "",
                "write_accelerator_enabled": false
              }
            ],
            "tags": {
              "requiretag": "Require tag"
            },
            "timeouts": null,
            "vm_size": "Standard_D2s_v3",
            "zones": null
          },
          "sensitive_attributes": [],
          "private": "eyJlMmJmYjczMC1lY2FhLTExZTYtOGY4OC0zNDM2M2JjN2M0YzAiOnsiY3JlYXRlIjozNjAwMDAwMDAwMDAwLCJkZWxldGUiOjM2MDAwMDAwMDAwMDAsInJlYWQiOjMwMDAwMDAwMDAwMCwidXBkYXRlIjozNjAwMDAwMDAwMDAwfX0=",
          "dependencies": [
            "azurerm_network_interface.main",
            "azurerm_subnet.internal",
            "azurerm_virtual_network.main",
            "data.azurerm_image.main"
          ]
        }
      ]
    },
    {
      "mode": "managed",
      "type": "azurerm_virtual_network",
      "name": "main",
      "provider": "provider[\"registry.terraform.io/hashicorp/azurerm\"]",
      "instances": [
        {
          "schema_version": 0,
          "attributes": {
            "address_space": [
              "10.0.0.0/22"
            ],
            "bgp_community": "",
            "ddos_protection_plan": [],
            "dns_servers": [],
            "edge_zone": "",
            "flow_timeout_in_minutes": 0,
            "guid": "01c7fdc0-3852-4321-962a-ba46488ca961",
            "id": "/subscriptions/de14da4d-9ece-4b39-999b-eb57d857a39b/resourceGroups/duongnq9-project1-devops-rg/providers/Microsoft.Network/virtualNetworks/duongnq9-project1-devops-network",
            "location": "centralus",
            "name": "duongnq9-project1-devops-network",
            "resource_group_name": "duongnq9-project1-devops-rg",
            "subnet": [],
            "tags": {
              "requiretag": "Require tag"
            },
            "timeouts": null
          },
          "sensitive_attributes": [],
          "private": "eyJlMmJmYjczMC1lY2FhLTExZTYtOGY4OC0zNDM2M2JjN2M0YzAiOnsiY3JlYXRlIjoxODAwMDAwMDAwMDAwLCJkZWxldGUiOjE4MDAwMDAwMDAwMDAsInJlYWQiOjMwMDAwMDAwMDAwMCwidXBkYXRlIjoxODAwMDAwMDAwMDAwfX0="
        }
      ]
    }
  ],
  "check_results": []
}
